// !$*UTF8*$!
{
	archiveVersion = 1;
	classes = {
	};
	objectVersion = 46;
	objects = {

/* Begin PBXBuildFile section */
		21E9D71B1B34C066009861CB /* main.cpp in Sources */ = {isa = PBXBuildFile; fileRef = 2104EB1A1B30832700FA6131 /* main.cpp */; };
		21E9D71D1B34C0C5009861CB /* backup.cpp in Sources */ = {isa = PBXBuildFile; fileRef = 21E9D71C1B34C0C5009861CB /* backup.cpp */; };
/* End PBXBuildFile section */

/* Begin PBXCopyFilesBuildPhase section */
		2104EB151B30832700FA6131 /* CopyFiles */ = {
			isa = PBXCopyFilesBuildPhase;
			buildActionMask = 2147483647;
			dstPath = /usr/share/man/man1/;
			dstSubfolderSpec = 0;
			files = (
			);
			runOnlyForDeploymentPostprocessing = 1;
		};
/* End PBXCopyFilesBuildPhase section */

/* Begin PBXFileReference section */
		2104EB171B30832700FA6131 /* Bad Hair */ = {isa = PBXFileReference; explicitFileType = "compiled.mach-o.executable"; includeInIndex = 0; path = "Bad Hair"; sourceTree = BUILT_PRODUCTS_DIR; };
		2104EB1A1B30832700FA6131 /* main.cpp */ = {isa = PBXFileReference; lastKnownFileType = sourcecode.cpp.cpp; path = main.cpp; sourceTree = "<group>"; };
		21E9D71C1B34C0C5009861CB /* backup.cpp */ = {isa = PBXFileReference; fileEncoding = 4; lastKnownFileType = sourcecode.cpp.cpp; path = backup.cpp; sourceTree = "<group>"; };
/* End PBXFileReference section */

/* Begin PBXFrameworksBuildPhase section */
		2104EB141B30832700FA6131 /* Frameworks */ = {
			isa = PBXFrameworksBuildPhase;
			buildActionMask = 2147483647;
			files = (
			);
			runOnlyForDeploymentPostprocessing = 0;
		};
/* End PBXFrameworksBuildPhase section */

/* Begin PBXGroup section */
		2104EB0E1B30832600FA6131 = {
			isa = PBXGroup;
			children = (
				2104EB191B30832700FA6131 /* Bad Hair */,
				2104EB181B30832700FA6131 /* Products */,
			);
			sourceTree = "<group>";
		};
		2104EB181B30832700FA6131 /* Products */ = {
			isa = PBXGroup;
			children = (
				2104EB171B30832700FA6131 /* Bad Hair */,
			);
			name = Products;
			sourceTree = "<group>";
		};
		2104EB191B30832700FA6131 /* Bad Hair */ = {
			isa = PBXGroup;
			children = (
				2104EB1A1B30832700FA6131 /* main.cpp */,
				21E9D71C1B34C0C5009861CB /* backup.cpp */,
			);
			path = "Bad Hair";
			sourceTree = "<group>";
		};
/* End PBXGroup section */

/* Begin PBXNativeTarget section */
		2104EB161B30832700FA6131 /* Bad Hair */ = {
			isa = PBXNativeTarget;
			buildConfigurationList = 2104EB1E1B30832700FA6131 /* Build configuration list for PBXNativeTarget "Bad Hair" */;
			buildPhases = (
				2104EB131B30832700FA6131 /* Sources */,
				2104EB141B30832700FA6131 /* Frameworks */,
				2104EB151B30832700FA6131 /* CopyFiles */,
			);
			buildRules = (
			);
			dependencies = (
			);
			name = "Bad Hair";
			productName = "Bad Hair";
			productReference = 2104EB171B30832700FA6131 /* Bad Hair */;
			productType = "com.apple.product-type.tool";
		};
/* End PBXNativeTarget section */

/* Begin PBXProject section */
		2104EB0F1B30832600FA6131 /* Project object */ = {
			isa = PBXProject;
			attributes = {
				LastUpgradeCheck = 0630;
				ORGANIZATIONNAME = "Daniel Bessonov";
				TargetAttributes = {
					2104EB161B30832700FA6131 = {
						CreatedOnToolsVersion = 6.3.2;
					};
				};
			};
			buildConfigurationList = 2104EB121B30832600FA6131 /* Build configuration list for PBXProject "Bad Hair" */;
			compatibilityVersion = "Xcode 3.2";
			developmentRegion = English;
			hasScannedForEncodings = 0;
			knownRegions = (
				en,
			);
			mainGroup = 2104EB0E1B30832600FA6131;
			productRefGroup = 2104EB181B30832700FA6131 /* Products */;
			projectDirPath = "";
			projectRoot = "";
			targets = (
				2104EB161B30832700FA6131 /* Bad Hair */,
			);
		};
/* End PBXProject section */

/* Begin PBXSourcesBuildPhase section */
		2104EB131B30832700FA6131 /* Sources */ = {
			isa = PBXSourcesBuildPhase;
			buildActionMask = 2147483647;
			files = (
				21E9D71B1B34C066009861CB /* main.cpp in Sources */,
				21E9D71D1B34C0C5009861CB /* backup.cpp in Sources */,
			);
			runOnlyForDeploymentPostprocessing = 0;
		};
/* End PBXSourcesBuildPhase section */

/* Begin XCBuildConfiguration section */
		2104EB1C1B30832700FA6131 /* Debug */ = {
			isa = XCBuildConfiguration;
			buildSettings = {
				ALWAYS_SEARCH_USER_PATHS = NO;
				CLANG_CXX_LANGUAGE_STANDARD = "gnu++0x";
				CLANG_CXX_LIBRARY = "libc++";
				CLANG_ENABLE_MODULES = YES;
				CLANG_ENABLE_OBJC_ARC = YES;
				CLANG_WARN_BOOL_CONVERSION = YES;
				CLANG_WARN_CONSTANT_CONVERSION = YES;
				CLANG_WARN_DIRECT_OBJC_ISA_USAGE = YES_ERROR;
				CLANG_WARN_EMPTY_BODY = YES;
				CLANG_WARN_ENUM_CONVERSION = YES;
				CLANG_WARN_INT_CONVERSION = YES;
				CLANG_WARN_OBJC_ROOT_CLASS = YES_ERROR;
				CLANG_WARN_UNREACHABLE_CODE = YES;
				CLANG_WARN__DUPLICATE_METHOD_MATCH = YES;
				COPY_PHASE_STRIP = NO;
				DEBUG_INFORMATION_FORMAT = dwarf;
				ENABLE_STRICT_OBJC_MSGSEND = YES;
				GCC_C_LANGUAGE_STANDARD = gnu99;
				GCC_DYNAMIC_NO_PIC = NO;
				GCC_NO_COMMON_BLOCKS = YES;
				GCC_OPTIMIZATION_LEVEL = 0;
				GCC_PREPROCESSOR_DEFINITIONS = (
					"DEBUG=1",
					"$(inherited)",
				);
				GCC_SYMBOLS_PRIVATE_EXTERN = NO;
				GCC_WARN_64_TO_32_BIT_CONVERSION = YES;
				GCC_WARN_ABOUT_RETURN_TYPE = YES_ERROR;
				GCC_WARN_UNDECLARED_SELECTOR = YES;
				GCC_WARN_UNINITIALIZED_AUTOS = YES_AGGRESSIVE;
				GCC_WARN_UNUSED_FUNCTION = YES;
				GCC_WARN_UNUSED_VARIABLE = YES;
				MACOSX_DEPLOYMENT_TARGET = 10.10;
				MTL_ENABLE_DEBUG_INFO = YES;
				ONLY_ACTIVE_ARCH = YES;
				SDKROOT = macosx;
			};
			name = Debug;
		};
		2104EB1D1B30832700FA6131 /* Release */ = {
			isa = XCBuildConfiguration;
			buildSettings = {
				ALWAYS_SEARCH_USER_PATHS = NO;
				CLANG_CXX_LANGUAGE_STANDARD = "gnu++0x";
				CLANG_CXX_LIBRARY = "libc++";
				CLANG_ENABLE_MODULES = YES;
				CLANG_ENABLE_OBJC_ARC = YES;
				CLANG_WARN_BOOL_CONVERSION = YES;
				CLANG_WARN_CONSTANT_CONVERSION = YES;
				CLANG_WARN_DIRECT_OBJC_ISA_USAGE = YES_ERROR;
				CLANG_WARN_EMPTY_BODY = YES;
				CLANG_WARN_ENUM_CONVERSION = YES;
				CLANG_WARN_INT_CONVERSION = YES;
				CLANG_WARN_OBJC_ROOT_CLASS = YES_ERROR;
				CLANG_WARN_UNREACHABLE_CODE = YES;
				CLANG_WARN__DUPLICATE_METHOD_MATCH = YES;
				COPY_PHASE_STRIP = NO;
				DEBUG_INFORMATION_FORMAT = "dwarf-with-dsym";
				ENABLE_NS_ASSERTIONS = NO;
				ENABLE_STRICT_OBJC_MSGSEND = YES;
				GCC_C_LANGUAGE_STANDARD = gnu99;
				GCC_NO_COMMON_BLOCKS = YES;
				GCC_WARN_64_TO_32_BIT_CONVERSION = YES;
				GCC_WARN_ABOUT_RETURN_TYPE = YES_ERROR;
				GCC_WARN_UNDECLARED_SELECTOR = YES;
				GCC_WARN_UNINITIALIZED_AUTOS = YES_AGGRESSIVE;
				GCC_WARN_UNUSED_FUNCTION = YES;
				GCC_WARN_UNUSED_VARIABLE = YES;
				MACOSX_DEPLOYMENT_TARGET = 10.10;
				MTL_ENABLE_DEBUG_INFO = NO;
				SDKROOT = macosx;
			};
			name = Release;
		};
		2104EB1F1B30832700FA6131 /* Debug */ = {
			isa = XCBuildConfiguration;
			buildSettings = {
				PRODUCT_NAME = "$(TARGET_NAME)";
			};
			name = Debug;
		};
		2104EB201B30832700FA6131 /* Release */ = {
			isa = XCBuildConfiguration;
			buildSettings = {
				PRODUCT_NAME = "$(TARGET_NAME)";
			};
			name = Release;
		};
/* End XCBuildConfiguration section */

/* Begin XCConfigurationList section */
		2104EB121B30832600FA6131 /* Build configuration list for PBXProject "Bad Hair" */ = {
			isa = XCConfigurationList;
			buildConfigurations = (
				2104EB1C1B30832700FA6131 /* Debug */,
				2104EB1D1B30832700FA6131 /* Release */,
			);
			defaultConfigurationIsVisible = 0;
			defaultConfigurationName = Release;
		};
		2104EB1E1B30832700FA6131 /* Build configuration list for PBXNativeTarget "Bad Hair" */ = {
			isa = XCConfigurationList;
			buildConfigurations = (
				2104EB1F1B30832700FA6131 /* Debug */,
				2104EB201B30832700FA6131 /* Release */,
			);
			defaultConfigurationIsVisible = 0;
			defaultConfigurationName = Release;
		};
/* End XCConfigurationList section */
	};
	rootObject = 2104EB0F1B30832600FA6131 /* Project object */;
}
