// !$*UTF8*$!
{
	archiveVersion = 1;
	classes = {
	};
	objectVersion = 46;
	objects = {

/* Begin PBXBuildFile section */
		2104EAD21B2F7F5E00FA6131 /* main_backward.cpp in Sources */ = {isa = PBXBuildFile; fileRef = 2104EAD01B2F7F5E00FA6131 /* main_backward.cpp */; };
/* End PBXBuildFile section */

/* Begin PBXCopyFilesBuildPhase section */
		2104EAC41B2F748B00FA6131 /* CopyFiles */ = {
			isa = PBXCopyFilesBuildPhase;
			buildActionMask = 2147483647;
			dstPath = /usr/share/man/man1/;
			dstSubfolderSpec = 0;
			files = (
			);
			runOnlyForDeploymentPostprocessing = 1;
		};
/* End PBXCopyFilesBuildPhase section */

/* Begin PBXFileReference section */
		2104EAC61B2F748B00FA6131 /* Backward Digit Sums */ = {isa = PBXFileReference; explicitFileType = "compiled.mach-o.executable"; includeInIndex = 0; path = "Backward Digit Sums"; sourceTree = BUILT_PRODUCTS_DIR; };
		2104EAD01B2F7F5E00FA6131 /* main_backward.cpp */ = {isa = PBXFileReference; fileEncoding = 4; lastKnownFileType = sourcecode.cpp.cpp; path = main_backward.cpp; sourceTree = "<group>"; };
/* End PBXFileReference section */

/* Begin PBXFrameworksBuildPhase section */
		2104EAC31B2F748B00FA6131 /* Frameworks */ = {
			isa = PBXFrameworksBuildPhase;
			buildActionMask = 2147483647;
			files = (
			);
			runOnlyForDeploymentPostprocessing = 0;
		};
/* End PBXFrameworksBuildPhase section */

/* Begin PBXGroup section */
		2104EABD1B2F748B00FA6131 = {
			isa = PBXGroup;
			children = (
				2104EAC81B2F748B00FA6131 /* Backward Digit Sums */,
				2104EAC71B2F748B00FA6131 /* Products */,
			);
			sourceTree = "<group>";
		};
		2104EAC71B2F748B00FA6131 /* Products */ = {
			isa = PBXGroup;
			children = (
				2104EAC61B2F748B00FA6131 /* Backward Digit Sums */,
			);
			name = Products;
			sourceTree = "<group>";
		};
		2104EAC81B2F748B00FA6131 /* Backward Digit Sums */ = {
			isa = PBXGroup;
			children = (
				2104EAD01B2F7F5E00FA6131 /* main_backward.cpp */,
			);
			path = "Backward Digit Sums";
			sourceTree = "<group>";
		};
/* End PBXGroup section */

/* Begin PBXNativeTarget section */
		2104EAC51B2F748B00FA6131 /* Backward Digit Sums */ = {
			isa = PBXNativeTarget;
			buildConfigurationList = 2104EACD1B2F748B00FA6131 /* Build configuration list for PBXNativeTarget "Backward Digit Sums" */;
			buildPhases = (
				2104EAC21B2F748B00FA6131 /* Sources */,
				2104EAC31B2F748B00FA6131 /* Frameworks */,
				2104EAC41B2F748B00FA6131 /* CopyFiles */,
			);
			buildRules = (
			);
			dependencies = (
			);
			name = "Backward Digit Sums";
			productName = "Backward Digit Sums";
			productReference = 2104EAC61B2F748B00FA6131 /* Backward Digit Sums */;
			productType = "com.apple.product-type.tool";
		};
/* End PBXNativeTarget section */

/* Begin PBXProject section */
		2104EABE1B2F748B00FA6131 /* Project object */ = {
			isa = PBXProject;
			attributes = {
				LastUpgradeCheck = 0630;
				ORGANIZATIONNAME = "Daniel Bessonov";
				TargetAttributes = {
					2104EAC51B2F748B00FA6131 = {
						CreatedOnToolsVersion = 6.3.2;
					};
				};
			};
			buildConfigurationList = 2104EAC11B2F748B00FA6131 /* Build configuration list for PBXProject "Backward Digit Sums" */;
			compatibilityVersion = "Xcode 3.2";
			developmentRegion = English;
			hasScannedForEncodings = 0;
			knownRegions = (
				en,
			);
			mainGroup = 2104EABD1B2F748B00FA6131;
			productRefGroup = 2104EAC71B2F748B00FA6131 /* Products */;
			projectDirPath = "";
			projectRoot = "";
			targets = (
				2104EAC51B2F748B00FA6131 /* Backward Digit Sums */,
			);
		};
/* End PBXProject section */

/* Begin PBXSourcesBuildPhase section */
		2104EAC21B2F748B00FA6131 /* Sources */ = {
			isa = PBXSourcesBuildPhase;
			buildActionMask = 2147483647;
			files = (
				2104EAD21B2F7F5E00FA6131 /* main_backward.cpp in Sources */,
			);
			runOnlyForDeploymentPostprocessing = 0;
		};
/* End PBXSourcesBuildPhase section */

/* Begin XCBuildConfiguration section */
		2104EACB1B2F748B00FA6131 /* Debug */ = {
			isa = XCBuildConfiguration;
			buildSettings = {
				ALWAYS_SEARCH_USER_PATHS = NO;
				CLANG_CXX_LANGUAGE_STANDARD = "gnu++0x";
				CLANG_CXX_LIBRARY = "libc++";
				CLANG_ENABLE_MODULES = YES;
				CLANG_ENABLE_OBJC_ARC = YES;
				CLANG_WARN_BOOL_CONVERSION = YES;
				CLANG_WARN_CONSTANT_CONVERSION = YES;
				CLANG_WARN_DIRECT_OBJC_ISA_USAGE = YES_ERROR;
				CLANG_WARN_EMPTY_BODY = YES;
				CLANG_WARN_ENUM_CONVERSION = YES;
				CLANG_WARN_INT_CONVERSION = YES;
				CLANG_WARN_OBJC_ROOT_CLASS = YES_ERROR;
				CLANG_WARN_UNREACHABLE_CODE = YES;
				CLANG_WARN__DUPLICATE_METHOD_MATCH = YES;
				COPY_PHASE_STRIP = NO;
				DEBUG_INFORMATION_FORMAT = dwarf;
				ENABLE_STRICT_OBJC_MSGSEND = YES;
				GCC_C_LANGUAGE_STANDARD = gnu99;
				GCC_DYNAMIC_NO_PIC = NO;
				GCC_NO_COMMON_BLOCKS = YES;
				GCC_OPTIMIZATION_LEVEL = 0;
				GCC_PREPROCESSOR_DEFINITIONS = (
					"DEBUG=1",
					"$(inherited)",
				);
				GCC_SYMBOLS_PRIVATE_EXTERN = NO;
				GCC_WARN_64_TO_32_BIT_CONVERSION = YES;
				GCC_WARN_ABOUT_RETURN_TYPE = YES_ERROR;
				GCC_WARN_UNDECLARED_SELECTOR = YES;
				GCC_WARN_UNINITIALIZED_AUTOS = YES_AGGRESSIVE;
				GCC_WARN_UNUSED_FUNCTION = YES;
				GCC_WARN_UNUSED_VARIABLE = YES;
				MACOSX_DEPLOYMENT_TARGET = 10.10;
				MTL_ENABLE_DEBUG_INFO = YES;
				ONLY_ACTIVE_ARCH = YES;
				SDKROOT = macosx;
			};
			name = Debug;
		};
		2104EACC1B2F748B00FA6131 /* Release */ = {
			isa = XCBuildConfiguration;
			buildSettings = {
				ALWAYS_SEARCH_USER_PATHS = NO;
				CLANG_CXX_LANGUAGE_STANDARD = "gnu++0x";
				CLANG_CXX_LIBRARY = "libc++";
				CLANG_ENABLE_MODULES = YES;
				CLANG_ENABLE_OBJC_ARC = YES;
				CLANG_WARN_BOOL_CONVERSION = YES;
				CLANG_WARN_CONSTANT_CONVERSION = YES;
				CLANG_WARN_DIRECT_OBJC_ISA_USAGE = YES_ERROR;
				CLANG_WARN_EMPTY_BODY = YES;
				CLANG_WARN_ENUM_CONVERSION = YES;
				CLANG_WARN_INT_CONVERSION = YES;
				CLANG_WARN_OBJC_ROOT_CLASS = YES_ERROR;
				CLANG_WARN_UNREACHABLE_CODE = YES;
				CLANG_WARN__DUPLICATE_METHOD_MATCH = YES;
				COPY_PHASE_STRIP = NO;
				DEBUG_INFORMATION_FORMAT = "dwarf-with-dsym";
				ENABLE_NS_ASSERTIONS = NO;
				ENABLE_STRICT_OBJC_MSGSEND = YES;
				GCC_C_LANGUAGE_STANDARD = gnu99;
				GCC_NO_COMMON_BLOCKS = YES;
				GCC_WARN_64_TO_32_BIT_CONVERSION = YES;
				GCC_WARN_ABOUT_RETURN_TYPE = YES_ERROR;
				GCC_WARN_UNDECLARED_SELECTOR = YES;
				GCC_WARN_UNINITIALIZED_AUTOS = YES_AGGRESSIVE;
				GCC_WARN_UNUSED_FUNCTION = YES;
				GCC_WARN_UNUSED_VARIABLE = YES;
				MACOSX_DEPLOYMENT_TARGET = 10.10;
				MTL_ENABLE_DEBUG_INFO = NO;
				SDKROOT = macosx;
			};
			name = Release;
		};
		2104EACE1B2F748B00FA6131 /* Debug */ = {
			isa = XCBuildConfiguration;
			buildSettings = {
				PRODUCT_NAME = "$(TARGET_NAME)";
			};
			name = Debug;
		};
		2104EACF1B2F748B00FA6131 /* Release */ = {
			isa = XCBuildConfiguration;
			buildSettings = {
				PRODUCT_NAME = "$(TARGET_NAME)";
			};
			name = Release;
		};
/* End XCBuildConfiguration section */

/* Begin XCConfigurationList section */
		2104EAC11B2F748B00FA6131 /* Build configuration list for PBXProject "Backward Digit Sums" */ = {
			isa = XCConfigurationList;
			buildConfigurations = (
				2104EACB1B2F748B00FA6131 /* Debug */,
				2104EACC1B2F748B00FA6131 /* Release */,
			);
			defaultConfigurationIsVisible = 0;
			defaultConfigurationName = Release;
		};
		2104EACD1B2F748B00FA6131 /* Build configuration list for PBXNativeTarget "Backward Digit Sums" */ = {
			isa = XCConfigurationList;
			buildConfigurations = (
				2104EACE1B2F748B00FA6131 /* Debug */,
				2104EACF1B2F748B00FA6131 /* Release */,
			);
			defaultConfigurationIsVisible = 0;
		};
/* End XCConfigurationList section */
	};
	rootObject = 2104EABE1B2F748B00FA6131 /* Project object */;
}
